
Microsoft Visual Studio Solution File, Format Version 12.00
# Visual Studio Version 17
VisualStudioVersion = 17.1.32210.238
MinimumVisualStudioVersion = 10.0.40219.1
Project("{2150E333-8FDC-42A3-9474-1A3956D46DE8}") = "Common", "Common", "{FFE783F3-14EF-40C5-8D98-00DD12D41840}"
EndProject
Project("{2150E333-8FDC-42A3-9474-1A3956D46DE8}") = "Core", "Core", "{0ED78715-C36C-485E-95E8-EA214A4EC844}"
EndProject
Project("{2150E333-8FDC-42A3-9474-1A3956D46DE8}") = "Infrastrucuter", "Infrastrucuter", "{4BB7F02C-E980-4C08-A33F-027F1EC95B88}"
EndProject
Project("{2150E333-8FDC-42A3-9474-1A3956D46DE8}") = "Presentaion", "Presentaion", "{3F52500D-1FB2-43D9-847C-9C81D5CACC88}"
EndProject
Project("{2150E333-8FDC-42A3-9474-1A3956D46DE8}") = "Src", "Src", "{CE709CD6-7D70-46B0-B21B-FA4108EF8E43}"
EndProject
Project("{9A19103F-16F7-4668-BE54-9A1E7A4F7556}") = "Appdoon.Application", "Src\Appdoon.Application\Appdoon.Application.csproj", "{9679698E-F228-4C2E-9111-C0B7AA02E39F}"
EndProject
Project("{9A19103F-16F7-4668-BE54-9A1E7A4F7556}") = "Appdoon.Common", "Src\Appdoon.Common\Appdoon.Common.csproj", "{BE7307EA-6A0F-4155-AE2E-71E45C92D767}"
EndProject
Project("{9A19103F-16F7-4668-BE54-9A1E7A4F7556}") = "Appdoon.Domain", "Src\Appdoon.Domain\Appdoon.Domain.csproj", "{CF4D0E85-B7FB-4AD1-A891-7B5D7B676EBF}"
EndProject
Project("{9A19103F-16F7-4668-BE54-9A1E7A4F7556}") = "Appdoon.Presistence", "Src\Appdoon.Presistence\Appdoon.Presistence.csproj", "{109D8302-9513-4EE7-944F-D3013EFA5964}"
EndProject
Project("{9A19103F-16F7-4668-BE54-9A1E7A4F7556}") = "Appdoon.WebApi", "Src\Appdoon.WebApi\Appdoon.WebApi.csproj", "{A1017BBC-DFC3-49FB-B772-DF6DE0BEE9CB}"
EndProject
Project("{E24C65DC-7377-472B-9ABA-BC803B73C61A}") = "Appdoon.Front", "Src\Appdoon.Front\", "{6B617373-A9E9-442D-B38D-84C86296E66F}"
	ProjectSection(WebsiteProperties) = preProject
		TargetFrameworkMoniker = ".NETFramework,Version%3Dv4.0"
		Debug.AspNetCompiler.VirtualPath = "/localhost_13944"
		Debug.AspNetCompiler.PhysicalPath = "Src\Appdoon.Front\"
		Debug.AspNetCompiler.TargetPath = "PrecompiledWeb\localhost_13944\"
		Debug.AspNetCompiler.Updateable = "true"
		Debug.AspNetCompiler.ForceOverwrite = "true"
		Debug.AspNetCompiler.FixedNames = "false"
		Debug.AspNetCompiler.Debug = "True"
		Release.AspNetCompiler.VirtualPath = "/localhost_13944"
		Release.AspNetCompiler.PhysicalPath = "Src\Appdoon.Front\"
		Release.AspNetCompiler.TargetPath = "PrecompiledWeb\localhost_13944\"
		Release.AspNetCompiler.Updateable = "true"
		Release.AspNetCompiler.ForceOverwrite = "true"
		Release.AspNetCompiler.FixedNames = "false"
		Release.AspNetCompiler.Debug = "False"
		VWDPort = "13944"
	EndProjectSection
EndProject
Project("{2150E333-8FDC-42A3-9474-1A3956D46DE8}") = "Doc", "Doc", "{30BFD3BB-FFB9-456A-A686-729C573F3DD4}"
	ProjectSection(SolutionItems) = preProject
		Doc\Instruction For Creating Full Stack Project With Asp .Net(Back) And ReactJs(Front).docx = Doc\Instruction For Creating Full Stack Project With Asp .Net(Back) And ReactJs(Front).docx
		Doc\Instruction For Creating Full Stack Project With Asp .Net(Back) And ReactJs(Front).pdf = Doc\Instruction For Creating Full Stack Project With Asp .Net(Back) And ReactJs(Front).pdf
	EndProjectSection
EndProject
Project("{2150E333-8FDC-42A3-9474-1A3956D46DE8}") = "Test", "Test", "{1DCBAD2C-6E8B-49E3-AD80-03E125B069D1}"
EndProject
Global
	GlobalSection(SolutionConfigurationPlatforms) = preSolution
		Debug|Any CPU = Debug|Any CPU
		Release|Any CPU = Release|Any CPU
	EndGlobalSection
	GlobalSection(ProjectConfigurationPlatforms) = postSolution
		{9679698E-F228-4C2E-9111-C0B7AA02E39F}.Debug|Any CPU.ActiveCfg = Debug|Any CPU
		{9679698E-F228-4C2E-9111-C0B7AA02E39F}.Debug|Any CPU.Build.0 = Debug|Any CPU
		{9679698E-F228-4C2E-9111-C0B7AA02E39F}.Release|Any CPU.ActiveCfg = Release|Any CPU
		{9679698E-F228-4C2E-9111-C0B7AA02E39F}.Release|Any CPU.Build.0 = Release|Any CPU
		{BE7307EA-6A0F-4155-AE2E-71E45C92D767}.Debug|Any CPU.ActiveCfg = Debug|Any CPU
		{BE7307EA-6A0F-4155-AE2E-71E45C92D767}.Debug|Any CPU.Build.0 = Debug|Any CPU
		{BE7307EA-6A0F-4155-AE2E-71E45C92D767}.Release|Any CPU.ActiveCfg = Release|Any CPU
		{BE7307EA-6A0F-4155-AE2E-71E45C92D767}.Release|Any CPU.Build.0 = Release|Any CPU
		{CF4D0E85-B7FB-4AD1-A891-7B5D7B676EBF}.Debug|Any CPU.ActiveCfg = Debug|Any CPU
		{CF4D0E85-B7FB-4AD1-A891-7B5D7B676EBF}.Debug|Any CPU.Build.0 = Debug|Any CPU
		{CF4D0E85-B7FB-4AD1-A891-7B5D7B676EBF}.Release|Any CPU.ActiveCfg = Release|Any CPU
		{CF4D0E85-B7FB-4AD1-A891-7B5D7B676EBF}.Release|Any CPU.Build.0 = Release|Any CPU
		{109D8302-9513-4EE7-944F-D3013EFA5964}.Debug|Any CPU.ActiveCfg = Debug|Any CPU
		{109D8302-9513-4EE7-944F-D3013EFA5964}.Debug|Any CPU.Build.0 = Debug|Any CPU
		{109D8302-9513-4EE7-944F-D3013EFA5964}.Release|Any CPU.ActiveCfg = Release|Any CPU
		{109D8302-9513-4EE7-944F-D3013EFA5964}.Release|Any CPU.Build.0 = Release|Any CPU
		{A1017BBC-DFC3-49FB-B772-DF6DE0BEE9CB}.Debug|Any CPU.ActiveCfg = Debug|Any CPU
		{A1017BBC-DFC3-49FB-B772-DF6DE0BEE9CB}.Debug|Any CPU.Build.0 = Debug|Any CPU
		{A1017BBC-DFC3-49FB-B772-DF6DE0BEE9CB}.Release|Any CPU.ActiveCfg = Release|Any CPU
		{A1017BBC-DFC3-49FB-B772-DF6DE0BEE9CB}.Release|Any CPU.Build.0 = Release|Any CPU
		{6B617373-A9E9-442D-B38D-84C86296E66F}.Debug|Any CPU.ActiveCfg = Debug|Any CPU
		{6B617373-A9E9-442D-B38D-84C86296E66F}.Debug|Any CPU.Build.0 = Debug|Any CPU
		{6B617373-A9E9-442D-B38D-84C86296E66F}.Release|Any CPU.ActiveCfg = Debug|Any CPU
		{6B617373-A9E9-442D-B38D-84C86296E66F}.Release|Any CPU.Build.0 = Debug|Any CPU
	EndGlobalSection
	GlobalSection(SolutionProperties) = preSolution
		HideSolutionNode = FALSE
	EndGlobalSection
	GlobalSection(NestedProjects) = preSolution
		{FFE783F3-14EF-40C5-8D98-00DD12D41840} = {CE709CD6-7D70-46B0-B21B-FA4108EF8E43}
		{0ED78715-C36C-485E-95E8-EA214A4EC844} = {CE709CD6-7D70-46B0-B21B-FA4108EF8E43}
		{4BB7F02C-E980-4C08-A33F-027F1EC95B88} = {CE709CD6-7D70-46B0-B21B-FA4108EF8E43}
		{3F52500D-1FB2-43D9-847C-9C81D5CACC88} = {CE709CD6-7D70-46B0-B21B-FA4108EF8E43}
		{9679698E-F228-4C2E-9111-C0B7AA02E39F} = {0ED78715-C36C-485E-95E8-EA214A4EC844}
		{BE7307EA-6A0F-4155-AE2E-71E45C92D767} = {FFE783F3-14EF-40C5-8D98-00DD12D41840}
		{CF4D0E85-B7FB-4AD1-A891-7B5D7B676EBF} = {0ED78715-C36C-485E-95E8-EA214A4EC844}
		{109D8302-9513-4EE7-944F-D3013EFA5964} = {4BB7F02C-E980-4C08-A33F-027F1EC95B88}
		{A1017BBC-DFC3-49FB-B772-DF6DE0BEE9CB} = {0ED78715-C36C-485E-95E8-EA214A4EC844}
		{6B617373-A9E9-442D-B38D-84C86296E66F} = {3F52500D-1FB2-43D9-847C-9C81D5CACC88}
	EndGlobalSection
	GlobalSection(ExtensibilityGlobals) = postSolution
		SolutionGuid = {D47DD17F-8BC2-4E71-8A31-F9C2C0C786F0}
	EndGlobalSection
EndGlobal
